
Microsoft Visual Studio Solution File, Format Version 12.00
# Visual Studio Version 17
VisualStudioVersion = 17.2.32519.379
MinimumVisualStudioVersion = 10.0.40219.1
Project("{9A19103F-16F7-4668-BE54-9A1E7A4F7556}") = "CalculateArea", "CalculateArea\CalculateArea.csproj", "{6764DB75-045A-462A-896D-E7150A08DE85}"
EndProject
Project("{9A19103F-16F7-4668-BE54-9A1E7A4F7556}") = "GravityCalculator", "GravityCalculator\GravityCalculator.csproj", "{21B4C2ED-21D7-4F86-9A72-FCAD10DE578E}"
EndProject
Project("{9A19103F-16F7-4668-BE54-9A1E7A4F7556}") = "SumAverageRunningInt", "SumAverageRunningInt\SumAverageRunningInt.csproj", "{3A626440-B412-47F6-A2D2-2330B1840FD6}"
EndProject
Project("{9A19103F-16F7-4668-BE54-9A1E7A4F7556}") = "Exercise1", "Exercise1\Exercise1.csproj", "{BE8FE649-9AAE-4C31-94E4-CE51A3C3BF43}"
EndProject
Project("{9A19103F-16F7-4668-BE54-9A1E7A4F7556}") = "Exercise2", "Exercise2\Exercise2.csproj", "{18EE5B00-0C22-4234-A1C6-EF285EFA5716}"
EndProject
Project("{9A19103F-16F7-4668-BE54-9A1E7A4F7556}") = "Exercise3", "Exercise3\Exercise3.csproj", "{4BE9387C-8571-434F-A7FC-B9328945A0A5}"
EndProject
Project("{9A19103F-16F7-4668-BE54-9A1E7A4F7556}") = "Exercise4", "Exercise4\Exercise4.csproj", "{51F41E96-8CF7-481E-B8EB-9B1F5CC24518}"
EndProject
Project("{9A19103F-16F7-4668-BE54-9A1E7A4F7556}") = "Exercise5", "Exercise5\Exercise5.csproj", "{1AE5CFA7-A1F7-4EF9-86C5-18BBF934A996}"
EndProject
Project("{9A19103F-16F7-4668-BE54-9A1E7A4F7556}") = "Exercise6", "Exercise6\Exercise6.csproj", "{30A3980B-DC78-452D-880E-099B831179CA}"
EndProject
Project("{9A19103F-16F7-4668-BE54-9A1E7A4F7556}") = "Exercise7", "Exercise7\Exercise7.csproj", "{EF8B3A4F-6E91-4985-B482-2E4C3051E858}"
EndProject
Project("{9A19103F-16F7-4668-BE54-9A1E7A4F7556}") = "Exercise8", "Exercise8\Exercise8.csproj", "{01F2CACA-F5ED-4428-B152-95B012D128A0}"
EndProject
Project("{9A19103F-16F7-4668-BE54-9A1E7A4F7556}") = "Exercise9", "Exercise9\Exercise9.csproj", "{BC5ED75E-91D4-46CC-80FB-E666A34FBA1F}"
EndProject
Project("{FAE04EC0-301F-11D3-BF4B-00C04F79EFBC}") = "Exercise10", "Exercise10\Exercise10.csproj", "{AFCF9D87-6DC4-4D15-8C5A-61059F6619D8}"
EndProject
Project("{FAE04EC0-301F-11D3-BF4B-00C04F79EFBC}") = "Exercise11", "Exercise11\Exercise11.csproj", "{988C3907-9BF8-4D7B-BC96-1F8571E641D5}"
EndProject
Global
	GlobalSection(SolutionConfigurationPlatforms) = preSolution
		Debug|Any CPU = Debug|Any CPU
		Release|Any CPU = Release|Any CPU
	EndGlobalSection
	GlobalSection(ProjectConfigurationPlatforms) = postSolution
		{6764DB75-045A-462A-896D-E7150A08DE85}.Debug|Any CPU.ActiveCfg = Debug|Any CPU
		{6764DB75-045A-462A-896D-E7150A08DE85}.Debug|Any CPU.Build.0 = Debug|Any CPU
		{6764DB75-045A-462A-896D-E7150A08DE85}.Release|Any CPU.ActiveCfg = Release|Any CPU
		{6764DB75-045A-462A-896D-E7150A08DE85}.Release|Any CPU.Build.0 = Release|Any CPU
		{21B4C2ED-21D7-4F86-9A72-FCAD10DE578E}.Debug|Any CPU.ActiveCfg = Debug|Any CPU
		{21B4C2ED-21D7-4F86-9A72-FCAD10DE578E}.Debug|Any CPU.Build.0 = Debug|Any CPU
		{21B4C2ED-21D7-4F86-9A72-FCAD10DE578E}.Release|Any CPU.ActiveCfg = Release|Any CPU
		{21B4C2ED-21D7-4F86-9A72-FCAD10DE578E}.Release|Any CPU.Build.0 = Release|Any CPU
		{3A626440-B412-47F6-A2D2-2330B1840FD6}.Debug|Any CPU.ActiveCfg = Debug|Any CPU
		{3A626440-B412-47F6-A2D2-2330B1840FD6}.Debug|Any CPU.Build.0 = Debug|Any CPU
		{3A626440-B412-47F6-A2D2-2330B1840FD6}.Release|Any CPU.ActiveCfg = Release|Any CPU
		{3A626440-B412-47F6-A2D2-2330B1840FD6}.Release|Any CPU.Build.0 = Release|Any CPU
		{BE8FE649-9AAE-4C31-94E4-CE51A3C3BF43}.Debug|Any CPU.ActiveCfg = Debug|Any CPU
		{BE8FE649-9AAE-4C31-94E4-CE51A3C3BF43}.Debug|Any CPU.Build.0 = Debug|Any CPU
		{BE8FE649-9AAE-4C31-94E4-CE51A3C3BF43}.Release|Any CPU.ActiveCfg = Release|Any CPU
		{BE8FE649-9AAE-4C31-94E4-CE51A3C3BF43}.Release|Any CPU.Build.0 = Release|Any CPU
		{18EE5B00-0C22-4234-A1C6-EF285EFA5716}.Debug|Any CPU.ActiveCfg = Debug|Any CPU
		{18EE5B00-0C22-4234-A1C6-EF285EFA5716}.Debug|Any CPU.Build.0 = Debug|Any CPU
		{18EE5B00-0C22-4234-A1C6-EF285EFA5716}.Release|Any CPU.ActiveCfg = Release|Any CPU
		{18EE5B00-0C22-4234-A1C6-EF285EFA5716}.Release|Any CPU.Build.0 = Release|Any CPU
		{4BE9387C-8571-434F-A7FC-B9328945A0A5}.Debug|Any CPU.ActiveCfg = Debug|Any CPU
		{4BE9387C-8571-434F-A7FC-B9328945A0A5}.Debug|Any CPU.Build.0 = Debug|Any CPU
		{4BE9387C-8571-434F-A7FC-B9328945A0A5}.Release|Any CPU.ActiveCfg = Release|Any CPU
		{4BE9387C-8571-434F-A7FC-B9328945A0A5}.Release|Any CPU.Build.0 = Release|Any CPU
		{51F41E96-8CF7-481E-B8EB-9B1F5CC24518}.Debug|Any CPU.ActiveCfg = Debug|Any CPU
		{51F41E96-8CF7-481E-B8EB-9B1F5CC24518}.Debug|Any CPU.Build.0 = Debug|Any CPU
		{51F41E96-8CF7-481E-B8EB-9B1F5CC24518}.Release|Any CPU.ActiveCfg = Release|Any CPU
		{51F41E96-8CF7-481E-B8EB-9B1F5CC24518}.Release|Any CPU.Build.0 = Release|Any CPU
		{1AE5CFA7-A1F7-4EF9-86C5-18BBF934A996}.Debug|Any CPU.ActiveCfg = Debug|Any CPU
		{1AE5CFA7-A1F7-4EF9-86C5-18BBF934A996}.Debug|Any CPU.Build.0 = Debug|Any CPU
		{1AE5CFA7-A1F7-4EF9-86C5-18BBF934A996}.Release|Any CPU.ActiveCfg = Release|Any CPU
		{1AE5CFA7-A1F7-4EF9-86C5-18BBF934A996}.Release|Any CPU.Build.0 = Release|Any CPU
		{30A3980B-DC78-452D-880E-099B831179CA}.Debug|Any CPU.ActiveCfg = Debug|Any CPU
		{30A3980B-DC78-452D-880E-099B831179CA}.Debug|Any CPU.Build.0 = Debug|Any CPU
		{30A3980B-DC78-452D-880E-099B831179CA}.Release|Any CPU.ActiveCfg = Release|Any CPU
		{30A3980B-DC78-452D-880E-099B831179CA}.Release|Any CPU.Build.0 = Release|Any CPU
		{EF8B3A4F-6E91-4985-B482-2E4C3051E858}.Debug|Any CPU.ActiveCfg = Debug|Any CPU
		{EF8B3A4F-6E91-4985-B482-2E4C3051E858}.Debug|Any CPU.Build.0 = Debug|Any CPU
		{EF8B3A4F-6E91-4985-B482-2E4C3051E858}.Release|Any CPU.ActiveCfg = Release|Any CPU
		{EF8B3A4F-6E91-4985-B482-2E4C3051E858}.Release|Any CPU.Build.0 = Release|Any CPU
		{01F2CACA-F5ED-4428-B152-95B012D128A0}.Debug|Any CPU.ActiveCfg = Debug|Any CPU
		{01F2CACA-F5ED-4428-B152-95B012D128A0}.Debug|Any CPU.Build.0 = Debug|Any CPU
		{01F2CACA-F5ED-4428-B152-95B012D128A0}.Release|Any CPU.ActiveCfg = Release|Any CPU
		{01F2CACA-F5ED-4428-B152-95B012D128A0}.Release|Any CPU.Build.0 = Release|Any CPU
		{BC5ED75E-91D4-46CC-80FB-E666A34FBA1F}.Debug|Any CPU.ActiveCfg = Debug|Any CPU
		{BC5ED75E-91D4-46CC-80FB-E666A34FBA1F}.Debug|Any CPU.Build.0 = Debug|Any CPU
		{BC5ED75E-91D4-46CC-80FB-E666A34FBA1F}.Release|Any CPU.ActiveCfg = Release|Any CPU
		{BC5ED75E-91D4-46CC-80FB-E666A34FBA1F}.Release|Any CPU.Build.0 = Release|Any CPU
		{AFCF9D87-6DC4-4D15-8C5A-61059F6619D8}.Debug|Any CPU.ActiveCfg = Debug|Any CPU
		{AFCF9D87-6DC4-4D15-8C5A-61059F6619D8}.Debug|Any CPU.Build.0 = Debug|Any CPU
		{AFCF9D87-6DC4-4D15-8C5A-61059F6619D8}.Release|Any CPU.ActiveCfg = Release|Any CPU
		{AFCF9D87-6DC4-4D15-8C5A-61059F6619D8}.Release|Any CPU.Build.0 = Release|Any CPU
		{988C3907-9BF8-4D7B-BC96-1F8571E641D5}.Debug|Any CPU.ActiveCfg = Debug|Any CPU
		{988C3907-9BF8-4D7B-BC96-1F8571E641D5}.Debug|Any CPU.Build.0 = Debug|Any CPU
		{988C3907-9BF8-4D7B-BC96-1F8571E641D5}.Release|Any CPU.ActiveCfg = Release|Any CPU
		{988C3907-9BF8-4D7B-BC96-1F8571E641D5}.Release|Any CPU.Build.0 = Release|Any CPU
	EndGlobalSection
	GlobalSection(SolutionProperties) = preSolution
		HideSolutionNode = FALSE
	EndGlobalSection
	GlobalSection(ExtensibilityGlobals) = postSolution
		SolutionGuid = {22A75822-3C36-4529-B369-1F5A7653AD59}
	EndGlobalSection
EndGlobal
