
Microsoft Visual Studio Solution File, Format Version 12.00
# Visual Studio Version 17
VisualStudioVersion = 17.0.31903.59
MinimumVisualStudioVersion = 10.0.40219.1
Project("{9A19103F-16F7-4668-BE54-9A1E7A4F7556}") = "Exercise1", "Exercise1\Exercise1.csproj", "{F8DE5E0F-2B8E-4740-90A7-7AF904B3FBD2}"
EndProject
Project("{9A19103F-16F7-4668-BE54-9A1E7A4F7556}") = "Exercise2", "Exercise2\Exercise2.csproj", "{990A7482-573D-4A0D-B51C-3DF2B2196A8A}"
EndProject
Project("{9A19103F-16F7-4668-BE54-9A1E7A4F7556}") = "Exercise4", "Exercise4\Exercise4.csproj", "{CCA47F71-40AE-4B2C-98E1-A4433D04FE7A}"
EndProject
Project("{FAE04EC0-301F-11D3-BF4B-00C04F79EFBC}") = "Exercise3", "Exercise3\Exercise3.csproj", "{35D6BC01-DA70-4F89-A4A2-7505850DDA79}"
EndProject
Project("{FAE04EC0-301F-11D3-BF4B-00C04F79EFBC}") = "Exercise5", "Exercise5\Exercise5.csproj", "{24223102-FD96-4E22-AD4C-38FBDAF39B0B}"
EndProject
Project("{FAE04EC0-301F-11D3-BF4B-00C04F79EFBC}") = "Exercise6", "Exercise6\Exercise6.csproj", "{06D8BCB5-E7F5-4823-AD82-C55A0532E09D}"
EndProject
Project("{FAE04EC0-301F-11D3-BF4B-00C04F79EFBC}") = "Exercise7", "Exercise7\Exercise7.csproj", "{5DBE56E3-12EF-4F5A-B03B-9CB32922B7FD}"
EndProject
Project("{FAE04EC0-301F-11D3-BF4B-00C04F79EFBC}") = "Exercise8", "Exercise8\Exercise8.csproj", "{7302E9F1-44FA-425C-971B-887FAA6B104E}"
EndProject
Project("{FAE04EC0-301F-11D3-BF4B-00C04F79EFBC}") = "Exercise9", "Exercise9\Exercise9.csproj", "{BB455E90-94C1-4859-91A2-A2165EAD3933}"
EndProject
Project("{FAE04EC0-301F-11D3-BF4B-00C04F79EFBC}") = "Exercise10", "Exercise10\Exercise10.csproj", "{17FEC920-0B84-4232-ACA6-C2F3A7FFA5C5}"
EndProject
Project("{FAE04EC0-301F-11D3-BF4B-00C04F79EFBC}") = "Exercise11", "Exercise11\Exercise11.csproj", "{513DB98C-E256-4239-8368-52CAA2C07CB4}"
EndProject
Global
	GlobalSection(SolutionConfigurationPlatforms) = preSolution
		Debug|Any CPU = Debug|Any CPU
		Release|Any CPU = Release|Any CPU
	EndGlobalSection
	GlobalSection(ProjectConfigurationPlatforms) = postSolution
		{F8DE5E0F-2B8E-4740-90A7-7AF904B3FBD2}.Debug|Any CPU.ActiveCfg = Debug|Any CPU
		{F8DE5E0F-2B8E-4740-90A7-7AF904B3FBD2}.Debug|Any CPU.Build.0 = Debug|Any CPU
		{F8DE5E0F-2B8E-4740-90A7-7AF904B3FBD2}.Release|Any CPU.ActiveCfg = Release|Any CPU
		{F8DE5E0F-2B8E-4740-90A7-7AF904B3FBD2}.Release|Any CPU.Build.0 = Release|Any CPU
		{990A7482-573D-4A0D-B51C-3DF2B2196A8A}.Debug|Any CPU.ActiveCfg = Debug|Any CPU
		{990A7482-573D-4A0D-B51C-3DF2B2196A8A}.Debug|Any CPU.Build.0 = Debug|Any CPU
		{990A7482-573D-4A0D-B51C-3DF2B2196A8A}.Release|Any CPU.ActiveCfg = Release|Any CPU
		{990A7482-573D-4A0D-B51C-3DF2B2196A8A}.Release|Any CPU.Build.0 = Release|Any CPU
		{CCA47F71-40AE-4B2C-98E1-A4433D04FE7A}.Debug|Any CPU.ActiveCfg = Debug|Any CPU
		{CCA47F71-40AE-4B2C-98E1-A4433D04FE7A}.Debug|Any CPU.Build.0 = Debug|Any CPU
		{CCA47F71-40AE-4B2C-98E1-A4433D04FE7A}.Release|Any CPU.ActiveCfg = Release|Any CPU
		{CCA47F71-40AE-4B2C-98E1-A4433D04FE7A}.Release|Any CPU.Build.0 = Release|Any CPU
		{35D6BC01-DA70-4F89-A4A2-7505850DDA79}.Debug|Any CPU.ActiveCfg = Debug|Any CPU
		{35D6BC01-DA70-4F89-A4A2-7505850DDA79}.Debug|Any CPU.Build.0 = Debug|Any CPU
		{35D6BC01-DA70-4F89-A4A2-7505850DDA79}.Release|Any CPU.ActiveCfg = Release|Any CPU
		{35D6BC01-DA70-4F89-A4A2-7505850DDA79}.Release|Any CPU.Build.0 = Release|Any CPU
		{24223102-FD96-4E22-AD4C-38FBDAF39B0B}.Debug|Any CPU.ActiveCfg = Debug|Any CPU
		{24223102-FD96-4E22-AD4C-38FBDAF39B0B}.Debug|Any CPU.Build.0 = Debug|Any CPU
		{24223102-FD96-4E22-AD4C-38FBDAF39B0B}.Release|Any CPU.ActiveCfg = Release|Any CPU
		{24223102-FD96-4E22-AD4C-38FBDAF39B0B}.Release|Any CPU.Build.0 = Release|Any CPU
		{06D8BCB5-E7F5-4823-AD82-C55A0532E09D}.Debug|Any CPU.ActiveCfg = Debug|Any CPU
		{06D8BCB5-E7F5-4823-AD82-C55A0532E09D}.Debug|Any CPU.Build.0 = Debug|Any CPU
		{06D8BCB5-E7F5-4823-AD82-C55A0532E09D}.Release|Any CPU.ActiveCfg = Release|Any CPU
		{06D8BCB5-E7F5-4823-AD82-C55A0532E09D}.Release|Any CPU.Build.0 = Release|Any CPU
		{5DBE56E3-12EF-4F5A-B03B-9CB32922B7FD}.Debug|Any CPU.ActiveCfg = Debug|Any CPU
		{5DBE56E3-12EF-4F5A-B03B-9CB32922B7FD}.Debug|Any CPU.Build.0 = Debug|Any CPU
		{5DBE56E3-12EF-4F5A-B03B-9CB32922B7FD}.Release|Any CPU.ActiveCfg = Release|Any CPU
		{5DBE56E3-12EF-4F5A-B03B-9CB32922B7FD}.Release|Any CPU.Build.0 = Release|Any CPU
		{7302E9F1-44FA-425C-971B-887FAA6B104E}.Debug|Any CPU.ActiveCfg = Debug|Any CPU
		{7302E9F1-44FA-425C-971B-887FAA6B104E}.Debug|Any CPU.Build.0 = Debug|Any CPU
		{7302E9F1-44FA-425C-971B-887FAA6B104E}.Release|Any CPU.ActiveCfg = Release|Any CPU
		{7302E9F1-44FA-425C-971B-887FAA6B104E}.Release|Any CPU.Build.0 = Release|Any CPU
		{BB455E90-94C1-4859-91A2-A2165EAD3933}.Debug|Any CPU.ActiveCfg = Debug|Any CPU
		{BB455E90-94C1-4859-91A2-A2165EAD3933}.Debug|Any CPU.Build.0 = Debug|Any CPU
		{BB455E90-94C1-4859-91A2-A2165EAD3933}.Release|Any CPU.ActiveCfg = Release|Any CPU
		{BB455E90-94C1-4859-91A2-A2165EAD3933}.Release|Any CPU.Build.0 = Release|Any CPU
		{17FEC920-0B84-4232-ACA6-C2F3A7FFA5C5}.Debug|Any CPU.ActiveCfg = Debug|Any CPU
		{17FEC920-0B84-4232-ACA6-C2F3A7FFA5C5}.Debug|Any CPU.Build.0 = Debug|Any CPU
		{17FEC920-0B84-4232-ACA6-C2F3A7FFA5C5}.Release|Any CPU.ActiveCfg = Release|Any CPU
		{17FEC920-0B84-4232-ACA6-C2F3A7FFA5C5}.Release|Any CPU.Build.0 = Release|Any CPU
		{513DB98C-E256-4239-8368-52CAA2C07CB4}.Debug|Any CPU.ActiveCfg = Debug|Any CPU
		{513DB98C-E256-4239-8368-52CAA2C07CB4}.Debug|Any CPU.Build.0 = Debug|Any CPU
		{513DB98C-E256-4239-8368-52CAA2C07CB4}.Release|Any CPU.ActiveCfg = Release|Any CPU
		{513DB98C-E256-4239-8368-52CAA2C07CB4}.Release|Any CPU.Build.0 = Release|Any CPU
	EndGlobalSection
	GlobalSection(SolutionProperties) = preSolution
		HideSolutionNode = FALSE
	EndGlobalSection
	GlobalSection(ExtensibilityGlobals) = postSolution
		SolutionGuid = {9E2B805A-E209-4714-AE87-3C7317951F1D}
	EndGlobalSection
EndGlobal
